
Microsoft Visual Studio Solution File, Format Version 12.00
# Visual Studio Version 17
VisualStudioVersion = 17.9.34728.123
MinimumVisualStudioVersion = 10.0.40219.1
Project("{9A19103F-16F7-4668-BE54-9A1E7A4F7556}") = "StoryTeller.Domain", "StoryTeller.Domain\StoryTeller.Domain.csproj", "{B6F431FB-4712-45BF-88FD-73A2C1103F0F}"
EndProject
Project("{FAE04EC0-301F-11D3-BF4B-00C04F79EFBC}") = "StoryTeller.Application", "StoryTeller.Application\StoryTeller.Application.csproj", "{53D78086-248D-4BC3-9CF1-DD367459B1CC}"
EndProject
Global
	GlobalSection(SolutionConfigurationPlatforms) = preSolution
		Debug|Any CPU = Debug|Any CPU
		Release|Any CPU = Release|Any CPU
	EndGlobalSection
	GlobalSection(ProjectConfigurationPlatforms) = postSolution
		{B6F431FB-4712-45BF-88FD-73A2C1103F0F}.Debug|Any CPU.ActiveCfg = Debug|Any CPU
		{B6F431FB-4712-45BF-88FD-73A2C1103F0F}.Debug|Any CPU.Build.0 = Debug|Any CPU
		{B6F431FB-4712-45BF-88FD-73A2C1103F0F}.Release|Any CPU.ActiveCfg = Release|Any CPU
		{B6F431FB-4712-45BF-88FD-73A2C1103F0F}.Release|Any CPU.Build.0 = Release|Any CPU
		{53D78086-248D-4BC3-9CF1-DD367459B1CC}.Debug|Any CPU.ActiveCfg = Debug|Any CPU
		{53D78086-248D-4BC3-9CF1-DD367459B1CC}.Debug|Any CPU.Build.0 = Debug|Any CPU
		{53D78086-248D-4BC3-9CF1-DD367459B1CC}.Release|Any CPU.ActiveCfg = Release|Any CPU
		{53D78086-248D-4BC3-9CF1-DD367459B1CC}.Release|Any CPU.Build.0 = Release|Any CPU
	EndGlobalSection
	GlobalSection(SolutionProperties) = preSolution
		HideSolutionNode = FALSE
	EndGlobalSection
	GlobalSection(ExtensibilityGlobals) = postSolution
		SolutionGuid = {EA18DDED-A9EC-4A94-8CE2-9170982033F0}
	EndGlobalSection
EndGlobal
